{
  "nodes": {
    "agenix": {
      "inputs": {
        "darwin": "darwin",
        "home-manager": "home-manager",
        "nixpkgs": [
          "nixpkgs"
        ],
        "systems": "systems"
      },
      "locked": {
        "lastModified": 1770165109,
        "narHash": "sha256-9VnK6Oqai65puVJ4WYtCTvlJeXxMzAp/69HhQuTdl/I=",
        "owner": "ryantm",
        "repo": "agenix",
        "rev": "b027ee29d959fda4b60b57566d64c98a202e0feb",
        "type": "github"
      },
      "original": {
        "owner": "ryantm",
        "repo": "agenix",
        "type": "github"
      }
    },
    "agenix_2": {
      "inputs": {
        "darwin": "darwin_2",
        "home-manager": "home-manager_2",
        "nixpkgs": [
          "openclaw-nix",
          "nixpkgs"
        ],
        "systems": "systems_2"
      },
      "locked": {
        "lastModified": 1770165109,
        "narHash": "sha256-9VnK6Oqai65puVJ4WYtCTvlJeXxMzAp/69HhQuTdl/I=",
        "owner": "ryantm",
        "repo": "agenix",
        "rev": "b027ee29d959fda4b60b57566d64c98a202e0feb",
        "type": "github"
      },
      "original": {
        "owner": "ryantm",
        "repo": "agenix",
        "type": "github"
      }
    },
    "darwin": {
      "inputs": {
        "nixpkgs": [
          "agenix",
          "nixpkgs"
        ]
      },
      "locked": {
        "lastModified": 1744478979,
        "narHash": "sha256-dyN+teG9G82G+m+PX/aSAagkC+vUv0SgUw3XkPhQodQ=",
        "owner": "lnl7",
        "repo": "nix-darwin",
        "rev": "43975d782b418ebf4969e9ccba82466728c2851b",
        "type": "github"
      },
      "original": {
        "owner": "lnl7",
        "ref": "master",
        "repo": "nix-darwin",
        "type": "github"
      }
    },
    "darwin_2": {
      "inputs": {
        "nixpkgs": [
          "openclaw-nix",
          "agenix",
          "nixpkgs"
        ]
      },
      "locked": {
        "lastModified": 1744478979,
        "narHash": "sha256-dyN+teG9G82G+m+PX/aSAagkC+vUv0SgUw3XkPhQodQ=",
        "owner": "lnl7",
        "repo": "nix-darwin",
        "rev": "43975d782b418ebf4969e9ccba82466728c2851b",
        "type": "github"
      },
      "original": {
        "owner": "lnl7",
        "ref": "master",
        "repo": "nix-darwin",
        "type": "github"
      }
    },
    "flake-utils": {
      "inputs": {
        "systems": "systems_3"
      },
      "locked": {
        "lastModified": 1731533236,
        "narHash": "sha256-l0KFg5HjrsfsO/JpG+r7fRrqm12kzFHyUHqHCVpMMbI=",
        "owner": "numtide",
        "repo": "flake-utils",
        "rev": "11707dc2f618dd54ca8739b309ec4fc024de578b",
        "type": "github"
      },
      "original": {
        "owner": "numtide",
        "repo": "flake-utils",
        "type": "github"
      }
    },
    "home-manager": {
      "inputs": {
        "nixpkgs": [
          "agenix",
          "nixpkgs"
        ]
      },
      "locked": {
        "lastModified": 1745494811,
        "narHash": "sha256-YZCh2o9Ua1n9uCvrvi5pRxtuVNml8X2a03qIFfRKpFs=",
        "owner": "nix-community",
        "repo": "home-manager",
        "rev": "abfad3d2958c9e6300a883bd443512c55dfeb1be",
        "type": "github"
      },
      "original": {
        "owner": "nix-community",
        "repo": "home-manager",
        "type": "github"
      }
    },
    "home-manager_2": {
      "inputs": {
        "nixpkgs": [
          "openclaw-nix",
          "agenix",
          "nixpkgs"
        ]
      },
      "locked": {
        "lastModified": 1745494811,
        "narHash": "sha256-YZCh2o9Ua1n9uCvrvi5pRxtuVNml8X2a03qIFfRKpFs=",
        "owner": "nix-community",
        "repo": "home-manager",
        "rev": "abfad3d2958c9e6300a883bd443512c55dfeb1be",
        "type": "github"
      },
      "original": {
        "owner": "nix-community",
        "repo": "home-manager",
        "type": "github"
      }
    },
    "home-manager_3": {
      "inputs": {
        "nixpkgs": [
          "openclaw-nix",
          "nix-openclaw",
          "nixpkgs"
        ]
      },
      "locked": {
        "lastModified": 1767909183,
        "narHash": "sha256-u/bcU0xePi5bgNoRsiqSIwaGBwDilKKFTz3g0hqOBAo=",
        "owner": "nix-community",
        "repo": "home-manager",
        "rev": "cd6e96d56ed4b2a779ac73a1227e0bb1519b3509",
        "type": "github"
      },
      "original": {
        "owner": "nix-community",
        "repo": "home-manager",
        "type": "github"
      }
    },
    "nix-openclaw": {
      "inputs": {
        "flake-utils": "flake-utils",
        "home-manager": "home-manager_3",
        "nix-steipete-tools": "nix-steipete-tools",
        "nixpkgs": [
          "openclaw-nix",
          "nixpkgs"
        ]
      },
      "locked": {
        "lastModified": 1773514665,
        "narHash": "sha256-HVjyJWoHcO3UzKBZ4VyNiCrMCoF33q3pneCPOHTACQQ=",
        "owner": "openclaw",
        "repo": "nix-openclaw",
        "rev": "d6de9e5e678bb49db5e0e1795c6a902da1e562e6",
        "type": "github"
      },
      "original": {
        "owner": "openclaw",
        "repo": "nix-openclaw",
        "type": "github"
      }
    },
    "nix-steipete-tools": {
      "inputs": {
        "nixpkgs": "nixpkgs_2"
      },
      "locked": {
        "lastModified": 1773283011,
        "narHash": "sha256-bRsRSdy2Wez2zUWZha6wYCcNwcUyYAOtP4/GOX4htLw=",
        "owner": "openclaw",
        "repo": "nix-steipete-tools",
        "rev": "526067c585ede853ebd16172bb8a461ccc1df55c",
        "type": "github"
      },
      "original": {
        "owner": "openclaw",
        "repo": "nix-steipete-tools",
        "type": "github"
      }
    },
    "nixpkgs": {
      "locked": {
        "lastModified": 1773476965,
        "narHash": "sha256-Laaj25PvGeoP5SPhMfMGxvWqM6ZjZ6LdUeEhP6b3czY=",
        "owner": "NixOS",
        "repo": "nixpkgs",
        "rev": "f82ce7af0b79ac154b12e27ed800aeb97413723c",
        "type": "github"
      },
      "original": {
        "owner": "NixOS",
        "ref": "nixpkgs-unstable",
        "repo": "nixpkgs",
        "type": "github"
      }
    },
    "nixpkgs_2": {
      "locked": {
        "lastModified": 1767364772,
        "narHash": "sha256-fFUnEYMla8b7UKjijLnMe+oVFOz6HjijGGNS1l7dYaQ=",
        "owner": "NixOS",
        "repo": "nixpkgs",
        "rev": "16c7794d0a28b5a37904d55bcca36003b9109aaa",
        "type": "github"
      },
      "original": {
        "owner": "NixOS",
        "ref": "nixpkgs-unstable",
        "repo": "nixpkgs",
        "type": "github"
      }
    },
    "openclaw-nix": {
      "inputs": {
        "agenix": "agenix_2",
        "nix-openclaw": "nix-openclaw",
        "nixpkgs": [
          "nixpkgs"
        ],
        "sops-nix": "sops-nix"
      },
      "locked": {
        "lastModified": 1773515456,
        "narHash": "sha256-B7cluy2KXgghTx3xu5QemA5Z5bsLUVgTyy7w2bxYS+o=",
        "owner": "darkmatter",
        "repo": "openclaw.nix",
        "rev": "f0a6c9b18c79046e9f2b9aa4ba7aec741d4dce35",
        "type": "github"
      },
      "original": {
        "owner": "darkmatter",
        "repo": "openclaw.nix",
        "type": "github"
      }
    },
    "root": {
      "inputs": {
        "agenix": "agenix",
        "nixpkgs": "nixpkgs",
        "openclaw-nix": "openclaw-nix",
        "sops-nix": "sops-nix_2"
      }
    },
    "sops-nix": {
      "inputs": {
        "nixpkgs": [
          "openclaw-nix",
          "nixpkgs"
        ]
      },
      "locked": {
        "lastModified": 1773096132,
        "narHash": "sha256-M3zEnq9OElB7zqc+mjgPlByPm1O5t2fbUrH3t/Hm5Ag=",
        "owner": "Mic92",
        "repo": "sops-nix",
        "rev": "d1ff3b1034d5bab5d7d8086a7803c5a5968cd784",
        "type": "github"
      },
      "original": {
        "owner": "Mic92",
        "repo": "sops-nix",
        "type": "github"
      }
    },
    "sops-nix_2": {
      "inputs": {
        "nixpkgs": [
          "nixpkgs"
        ]
      },
      "locked": {
        "lastModified": 1773096132,
        "narHash": "sha256-M3zEnq9OElB7zqc+mjgPlByPm1O5t2fbUrH3t/Hm5Ag=",
        "owner": "Mic92",
        "repo": "sops-nix",
        "rev": "d1ff3b1034d5bab5d7d8086a7803c5a5968cd784",
        "type": "github"
      },
      "original": {
        "owner": "Mic92",
        "repo": "sops-nix",
        "type": "github"
      }
    },
    "systems": {
      "locked": {
        "lastModified": 1681028828,
        "narHash": "sha256-Vy1rq5AaRuLzOxct8nz4T6wlgyUR7zLU309k9mBC768=",
        "owner": "nix-systems",
        "repo": "default",
        "rev": "da67096a3b9bf56a91d16901293e51ba5b49a27e",
        "type": "github"
      },
      "original": {
        "owner": "nix-systems",
        "repo": "default",
        "type": "github"
      }
    },
    "systems_2": {
      "locked": {
        "lastModified": 1681028828,
        "narHash": "sha256-Vy1rq5AaRuLzOxct8nz4T6wlgyUR7zLU309k9mBC768=",
        "owner": "nix-systems",
        "repo": "default",
        "rev": "da67096a3b9bf56a91d16901293e51ba5b49a27e",
        "type": "github"
      },
      "original": {
        "owner": "nix-systems",
        "repo": "default",
        "type": "github"
      }
    },
    "systems_3": {
      "locked": {
        "lastModified": 1681028828,
        "narHash": "sha256-Vy1rq5AaRuLzOxct8nz4T6wlgyUR7zLU309k9mBC768=",
        "owner": "nix-systems",
        "repo": "default",
        "rev": "da67096a3b9bf56a91d16901293e51ba5b49a27e",
        "type": "github"
      },
      "original": {
        "owner": "nix-systems",
        "repo": "default",
        "type": "github"
      }
    }
  },
  "root": "root",
  "version": 7
}
